// !$*UTF8*$!
{
	archiveVersion = 1;
	classes = {
	};
	objectVersion = 46;
	objects = {

/* Begin PBXBuildFile section */
		059C2C50C2EC0042BF7B40A5 /* SampleHandler.swift in Sources */ = {isa = PBXBuildFile; fileRef = 70041EBAF45311DF719C8277 /* SampleHandler.swift */; };
		0EFECA634F6D0F9120668935 /* AppModel.swift in Sources */ = {isa = PBXBuildFile; fileRef = E3DF3EDFD4F1A9EFDB91D427 /* AppModel.swift */; };
		10851D4C2A71D88C1083A817 /* StudioProjectStore in Frameworks */ = {isa = PBXBuildFile; productRef = A213F541362F83ED1DC59C8F /* StudioProjectStore */; };
		1651885EC1CE4C645CB1627D /* StudioDomain in Frameworks */ = {isa = PBXBuildFile; productRef = B8A22674F6611F639B4862C7 /* StudioDomain */; };
		16ED0D164AE5D2A46293A2EA /* StudioCapture in Frameworks */ = {isa = PBXBuildFile; productRef = 454D8C286FBC9ECA147209DD /* StudioCapture */; };
		1CE46C8514006CF0517F42B7 /* MacPointerTracking.swift in Sources */ = {isa = PBXBuildFile; fileRef = 2504505F5A8B2C3C34E7861E /* MacPointerTracking.swift */; };
		26881FE6F466899AE4A74E43 /* Foundation.framework in Frameworks */ = {isa = PBXBuildFile; fileRef = C9BAEC0A1AF02E07E0C16013 /* Foundation.framework */; };
		3282706DB11EBF3A823896CC /* StudioMediaPipeline in Frameworks */ = {isa = PBXBuildFile; productRef = 81960CE4FBBDF7F21CD0CCD6 /* StudioMediaPipeline */; };
		4684596FFC1AB563291FCB19 /* StudioExport in Frameworks */ = {isa = PBXBuildFile; productRef = 902B8C47F1FECFD8701AEB9F /* StudioExport */; };
		49CFE9A6CE19FB4CD6CC80F0 /* MacGlobalHotKeyMonitor.swift in Sources */ = {isa = PBXBuildFile; fileRef = 150FA7212A25D066C5D5EB4B /* MacGlobalHotKeyMonitor.swift */; };
		4EA7608689D95E1871B81510 /* BroadcastPickerView.swift in Sources */ = {isa = PBXBuildFile; fileRef = E0E5F742B72E26370A6A41D9 /* BroadcastPickerView.swift */; };
		6E2F59AFB2FBC3B7477B8163 /* StudioExport in Frameworks */ = {isa = PBXBuildFile; productRef = 32C98921D7A6FEE9AC5B3CCD /* StudioExport */; };
		79D5068A17FB5498D6CA8AF2 /* StudioAI in Frameworks */ = {isa = PBXBuildFile; productRef = 8C3316E540BD9B44DD7A2AE5 /* StudioAI */; };
		85FC337B915F6FC63631D719 /* Assets.xcassets in Resources */ = {isa = PBXBuildFile; fileRef = 2BD91AD26FD457EE3A1CEFA8 /* Assets.xcassets */; };
		879C4C74F0796C77B9D7DC9F /* Cocoa.framework in Frameworks */ = {isa = PBXBuildFile; fileRef = DB8534821241517BFBACE3FE /* Cocoa.framework */; };
		91DFE34A8CFC91D1B29E8A72 /* StudioDomain in Frameworks */ = {isa = PBXBuildFile; productRef = 47392DA6376D488FDB8F42CF /* StudioDomain */; };
		9BB3E09F0F8922AD873B6570 /* Foundation.framework in Frameworks */ = {isa = PBXBuildFile; fileRef = C9BAEC0A1AF02E07E0C16013 /* Foundation.framework */; };
		A05E4F3B550FB6F7125B5B57 /* MacContentView.swift in Sources */ = {isa = PBXBuildFile; fileRef = 3209D4DC8EAE5D16A0FD2A92 /* MacContentView.swift */; };
		B854DE2FA70259309DC3E6D1 /* MacScreenCaptureCoordinator.swift in Sources */ = {isa = PBXBuildFile; fileRef = 3B8EE4A4FF40A7B48763A6FA /* MacScreenCaptureCoordinator.swift */; };
		BB7358D847779A0EF6AABB6E /* CreatorBroadcast.appex in Embed App Extensions */ = {isa = PBXBuildFile; fileRef = 6093D2A8E7CDD677170D6327 /* CreatorBroadcast.appex */; settings = {ATTRIBUTES = (RemoveHeadersOnCopy, ); }; };
		BD47686B5D669657C41F7EF3 /* MacCaptureSegmentWriter.swift in Sources */ = {isa = PBXBuildFile; fileRef = 9D5F8ED81AD7038AB4786A6A /* MacCaptureSegmentWriter.swift */; };
		C4A62883D1C1E8CBFAA7E4C8 /* CreatorStudioMacApp.swift in Sources */ = {isa = PBXBuildFile; fileRef = 9F8492F375EDDCA67126F322 /* CreatorStudioMacApp.swift */; };
		D3331307ECFBE085152FF6D1 /* MacAppModel.swift in Sources */ = {isa = PBXBuildFile; fileRef = 49B61A3C1C50E2351B7B36F2 /* MacAppModel.swift */; };
		D76D70C5C08A0A88F1968625 /* StudioCapture in Frameworks */ = {isa = PBXBuildFile; productRef = 7376F82A070A0316D6E721E4 /* StudioCapture */; };
		D95DD66363261545B353EF40 /* StudioAI in Frameworks */ = {isa = PBXBuildFile; productRef = 6F38059165B9D8194B989642 /* StudioAI */; };
		DCFD8B3ECC57035F177E3980 /* StudioProjectStore in Frameworks */ = {isa = PBXBuildFile; productRef = CB524A9038768C96BB7FE9A7 /* StudioProjectStore */; };
		E2A4CAE366FCF938B89EA24B /* StudioCapture in Frameworks */ = {isa = PBXBuildFile; productRef = 4457A5EE7C9B8352AC4F514D /* StudioCapture */; };
		E4C2B02F226822AA57FF42B4 /* ContentView.swift in Sources */ = {isa = PBXBuildFile; fileRef = E043EDC3CD1ED2619DDA31AC /* ContentView.swift */; };
		F0C352F62063391B0A4A5CFC /* CreatorStudioApp.swift in Sources */ = {isa = PBXBuildFile; fileRef = 6A53CB213A12A637333F8DC6 /* CreatorStudioApp.swift */; };
		F1CB65C7C56B57BEBD1CFDF8 /* StudioMediaPipeline in Frameworks */ = {isa = PBXBuildFile; productRef = 1FD076C444397EE1F3416272 /* StudioMediaPipeline */; };
		FCB2D7E2F46AAA128FD19FCF /* StudioDomain in Frameworks */ = {isa = PBXBuildFile; productRef = CCA9993AA2FE8840280BB0EC /* StudioDomain */; };
/* End PBXBuildFile section */

/* Begin PBXContainerItemProxy section */
		9B98EE98551B812708B6B66E /* PBXContainerItemProxy */ = {
			isa = PBXContainerItemProxy;
			containerPortal = 83D8F36F4CFE3A5A06021ACD /* Project object */;
			proxyType = 1;
			remoteGlobalIDString = 1D98567AA74AA4A8AEE02047;
			remoteInfo = CreatorBroadcast;
		};
/* End PBXContainerItemProxy section */

/* Begin PBXCopyFilesBuildPhase section */
		75423C6107DB29032048B6F7 /* Embed App Extensions */ = {
			isa = PBXCopyFilesBuildPhase;
			buildActionMask = 2147483647;
			dstPath = "";
			dstSubfolderSpec = 13;
			files = (
				BB7358D847779A0EF6AABB6E /* CreatorBroadcast.appex in Embed App Extensions */,
			);
			name = "Embed App Extensions";
			runOnlyForDeploymentPostprocessing = 0;
		};
/* End PBXCopyFilesBuildPhase section */

/* Begin PBXFileReference section */
		150FA7212A25D066C5D5EB4B /* MacGlobalHotKeyMonitor.swift */ = {isa = PBXFileReference; includeInIndex = 1; lastKnownFileType = sourcecode.swift; path = MacGlobalHotKeyMonitor.swift; sourceTree = "<group>"; };
		19F5FD7B93CE78E6BCE4620B /* CreatorStudioMac.entitlements */ = {isa = PBXFileReference; includeInIndex = 1; lastKnownFileType = text.plist.entitlements; path = CreatorStudioMac.entitlements; sourceTree = "<group>"; };
		2504505F5A8B2C3C34E7861E /* MacPointerTracking.swift */ = {isa = PBXFileReference; includeInIndex = 1; lastKnownFileType = sourcecode.swift; path = MacPointerTracking.swift; sourceTree = "<group>"; };
		2A75595AB13475332DF2F3F4 /* CreatorStudioMac.app */ = {isa = PBXFileReference; explicitFileType = wrapper.application; includeInIndex = 0; path = CreatorStudioMac.app; sourceTree = BUILT_PRODUCTS_DIR; };
		2BD91AD26FD457EE3A1CEFA8 /* Assets.xcassets */ = {isa = PBXFileReference; includeInIndex = 1; lastKnownFileType = folder.assetcatalog; path = Assets.xcassets; sourceTree = "<group>"; };
		3209D4DC8EAE5D16A0FD2A92 /* MacContentView.swift */ = {isa = PBXFileReference; includeInIndex = 1; lastKnownFileType = sourcecode.swift; path = MacContentView.swift; sourceTree = "<group>"; };
		3B8EE4A4FF40A7B48763A6FA /* MacScreenCaptureCoordinator.swift */ = {isa = PBXFileReference; includeInIndex = 1; lastKnownFileType = sourcecode.swift; path = MacScreenCaptureCoordinator.swift; sourceTree = "<group>"; };
		49B61A3C1C50E2351B7B36F2 /* MacAppModel.swift */ = {isa = PBXFileReference; includeInIndex = 1; lastKnownFileType = sourcecode.swift; path = MacAppModel.swift; sourceTree = "<group>"; };
		6093D2A8E7CDD677170D6327 /* CreatorBroadcast.appex */ = {isa = PBXFileReference; explicitFileType = "wrapper.app-extension"; includeInIndex = 0; path = CreatorBroadcast.appex; sourceTree = BUILT_PRODUCTS_DIR; };
		61932FC72DA5A4A411FA54EA /* CreatorStudio.app */ = {isa = PBXFileReference; explicitFileType = wrapper.application; includeInIndex = 0; path = CreatorStudio.app; sourceTree = BUILT_PRODUCTS_DIR; };
		6A53CB213A12A637333F8DC6 /* CreatorStudioApp.swift */ = {isa = PBXFileReference; includeInIndex = 1; lastKnownFileType = sourcecode.swift; path = CreatorStudioApp.swift; sourceTree = "<group>"; };
		70041EBAF45311DF719C8277 /* SampleHandler.swift */ = {isa = PBXFileReference; includeInIndex = 1; lastKnownFileType = sourcecode.swift; path = SampleHandler.swift; sourceTree = "<group>"; };
		9D5F8ED81AD7038AB4786A6A /* MacCaptureSegmentWriter.swift */ = {isa = PBXFileReference; includeInIndex = 1; lastKnownFileType = sourcecode.swift; path = MacCaptureSegmentWriter.swift; sourceTree = "<group>"; };
		9F8492F375EDDCA67126F322 /* CreatorStudioMacApp.swift */ = {isa = PBXFileReference; includeInIndex = 1; lastKnownFileType = sourcecode.swift; path = CreatorStudioMacApp.swift; sourceTree = "<group>"; };
		B62492BF4578CFAE3A9C2586 /* Info.plist */ = {isa = PBXFileReference; includeInIndex = 1; lastKnownFileType = text.plist.xml; path = Info.plist; sourceTree = "<group>"; };
		BD621BB886CE9C194AFBDE07 /* Info.plist */ = {isa = PBXFileReference; includeInIndex = 1; lastKnownFileType = text.plist.xml; path = Info.plist; sourceTree = "<group>"; };
		C8185CB7C70C18CC2D254D02 /* CreatorStudioApp.entitlements */ = {isa = PBXFileReference; includeInIndex = 1; lastKnownFileType = text.plist.entitlements; path = CreatorStudioApp.entitlements; sourceTree = "<group>"; };
		C9BAEC0A1AF02E07E0C16013 /* Foundation.framework */ = {isa = PBXFileReference; lastKnownFileType = wrapper.framework; name = Foundation.framework; path = Platforms/iPhoneOS.platform/Developer/SDKs/iPhoneOS18.0.sdk/System/Library/Frameworks/Foundation.framework; sourceTree = DEVELOPER_DIR; };
		D34027413CB864F6B1B33024 /* Info.plist */ = {isa = PBXFileReference; includeInIndex = 1; lastKnownFileType = text.plist.xml; path = Info.plist; sourceTree = "<group>"; };
		DB8534821241517BFBACE3FE /* Cocoa.framework */ = {isa = PBXFileReference; lastKnownFileType = wrapper.framework; name = Cocoa.framework; path = Platforms/MacOSX.platform/Developer/SDKs/MacOSX15.0.sdk/System/Library/Frameworks/Cocoa.framework; sourceTree = DEVELOPER_DIR; };
		E043EDC3CD1ED2619DDA31AC /* ContentView.swift */ = {isa = PBXFileReference; includeInIndex = 1; lastKnownFileType = sourcecode.swift; path = ContentView.swift; sourceTree = "<group>"; };
		E0E5F742B72E26370A6A41D9 /* BroadcastPickerView.swift */ = {isa = PBXFileReference; includeInIndex = 1; lastKnownFileType = sourcecode.swift; path = BroadcastPickerView.swift; sourceTree = "<group>"; };
		E3DF3EDFD4F1A9EFDB91D427 /* AppModel.swift */ = {isa = PBXFileReference; includeInIndex = 1; lastKnownFileType = sourcecode.swift; path = AppModel.swift; sourceTree = "<group>"; };
		E61AB3AB77929580AECF8FF4 /* CreatorBroadcast.entitlements */ = {isa = PBXFileReference; includeInIndex = 1; lastKnownFileType = text.plist.entitlements; path = CreatorBroadcast.entitlements; sourceTree = "<group>"; };
/* End PBXFileReference section */

/* Begin PBXFrameworksBuildPhase section */
		00B9178C47A7138046117A61 /* Frameworks */ = {
			isa = PBXFrameworksBuildPhase;
			buildActionMask = 2147483647;
			files = (
				9BB3E09F0F8922AD873B6570 /* Foundation.framework in Frameworks */,
				1651885EC1CE4C645CB1627D /* StudioDomain in Frameworks */,
				16ED0D164AE5D2A46293A2EA /* StudioCapture in Frameworks */,
				DCFD8B3ECC57035F177E3980 /* StudioProjectStore in Frameworks */,
				F1CB65C7C56B57BEBD1CFDF8 /* StudioMediaPipeline in Frameworks */,
				D95DD66363261545B353EF40 /* StudioAI in Frameworks */,
				6E2F59AFB2FBC3B7477B8163 /* StudioExport in Frameworks */,
			);
			runOnlyForDeploymentPostprocessing = 0;
		};
		68B33ABBD700B5C6FAE44B0E /* Frameworks */ = {
			isa = PBXFrameworksBuildPhase;
			buildActionMask = 2147483647;
			files = (
				26881FE6F466899AE4A74E43 /* Foundation.framework in Frameworks */,
				91DFE34A8CFC91D1B29E8A72 /* StudioDomain in Frameworks */,
				D76D70C5C08A0A88F1968625 /* StudioCapture in Frameworks */,
			);
			runOnlyForDeploymentPostprocessing = 0;
		};
		6C6809C0DC13846DCA530565 /* Frameworks */ = {
			isa = PBXFrameworksBuildPhase;
			buildActionMask = 2147483647;
			files = (
				879C4C74F0796C77B9D7DC9F /* Cocoa.framework in Frameworks */,
				FCB2D7E2F46AAA128FD19FCF /* StudioDomain in Frameworks */,
				E2A4CAE366FCF938B89EA24B /* StudioCapture in Frameworks */,
				10851D4C2A71D88C1083A817 /* StudioProjectStore in Frameworks */,
				3282706DB11EBF3A823896CC /* StudioMediaPipeline in Frameworks */,
				79D5068A17FB5498D6CA8AF2 /* StudioAI in Frameworks */,
				4684596FFC1AB563291FCB19 /* StudioExport in Frameworks */,
			);
			runOnlyForDeploymentPostprocessing = 0;
		};
/* End PBXFrameworksBuildPhase section */

/* Begin PBXGroup section */
		079949C1387C0F6F22CC03E6 /* Frameworks */ = {
			isa = PBXGroup;
			children = (
				B78EE592777A00FE279CC62E /* iOS */,
				218F8266CF8ADCD9B6652AC2 /* OS X */,
			);
			name = Frameworks;
			sourceTree = "<group>";
		};
		218F8266CF8ADCD9B6652AC2 /* OS X */ = {
			isa = PBXGroup;
			children = (
				DB8534821241517BFBACE3FE /* Cocoa.framework */,
			);
			name = "OS X";
			sourceTree = "<group>";
		};
		359DE17428EFA19766B2888D /* Sources */ = {
			isa = PBXGroup;
			children = (
				70041EBAF45311DF719C8277 /* SampleHandler.swift */,
			);
			name = Sources;
			path = Sources;
			sourceTree = "<group>";
		};
		6348FB06176CBFEFA45AAD56 /* Products */ = {
			isa = PBXGroup;
			children = (
				61932FC72DA5A4A411FA54EA /* CreatorStudio.app */,
				6093D2A8E7CDD677170D6327 /* CreatorBroadcast.appex */,
				2A75595AB13475332DF2F3F4 /* CreatorStudioMac.app */,
			);
			name = Products;
			sourceTree = "<group>";
		};
		80C7A2724702D25792AB61B2 /* CreatorStudioApp */ = {
			isa = PBXGroup;
			children = (
				E572A4D0E628846B5E91FD15 /* Sources */,
				D34027413CB864F6B1B33024 /* Info.plist */,
				C8185CB7C70C18CC2D254D02 /* CreatorStudioApp.entitlements */,
			);
			name = CreatorStudioApp;
			path = CreatorStudioApp;
			sourceTree = "<group>";
		};
		A8972A11BCBC742454003F9D /* Apps */ = {
			isa = PBXGroup;
			children = (
				80C7A2724702D25792AB61B2 /* CreatorStudioApp */,
				EE31B6AE093EBD2366703050 /* CreatorStudioMac */,
			);
			name = Apps;
			path = Apps;
			sourceTree = "<group>";
		};
		B78EE592777A00FE279CC62E /* iOS */ = {
			isa = PBXGroup;
			children = (
				C9BAEC0A1AF02E07E0C16013 /* Foundation.framework */,
			);
			name = iOS;
			sourceTree = "<group>";
		};
		C34B7E90A0DF4E6DB3221106 = {
			isa = PBXGroup;
			children = (
				6348FB06176CBFEFA45AAD56 /* Products */,
				079949C1387C0F6F22CC03E6 /* Frameworks */,
				A8972A11BCBC742454003F9D /* Apps */,
				FA39F5EB914CB175406657A5 /* Extensions */,
			);
			sourceTree = "<group>";
		};
		DF0C108304596DEDF0F14498 /* CreatorBroadcast */ = {
			isa = PBXGroup;
			children = (
				359DE17428EFA19766B2888D /* Sources */,
				B62492BF4578CFAE3A9C2586 /* Info.plist */,
				E61AB3AB77929580AECF8FF4 /* CreatorBroadcast.entitlements */,
			);
			name = CreatorBroadcast;
			path = CreatorBroadcast;
			sourceTree = "<group>";
		};
		E572A4D0E628846B5E91FD15 /* Sources */ = {
			isa = PBXGroup;
			children = (
				E3DF3EDFD4F1A9EFDB91D427 /* AppModel.swift */,
				E0E5F742B72E26370A6A41D9 /* BroadcastPickerView.swift */,
				E043EDC3CD1ED2619DDA31AC /* ContentView.swift */,
				6A53CB213A12A637333F8DC6 /* CreatorStudioApp.swift */,
			);
			name = Sources;
			path = Sources;
			sourceTree = "<group>";
		};
		EE31B6AE093EBD2366703050 /* CreatorStudioMac */ = {
			isa = PBXGroup;
			children = (
				F00867CD5EB84D59D4EEAD3E /* Sources */,
				BD621BB886CE9C194AFBDE07 /* Info.plist */,
				19F5FD7B93CE78E6BCE4620B /* CreatorStudioMac.entitlements */,
				2BD91AD26FD457EE3A1CEFA8 /* Assets.xcassets */,
			);
			name = CreatorStudioMac;
			path = CreatorStudioMac;
			sourceTree = "<group>";
		};
		F00867CD5EB84D59D4EEAD3E /* Sources */ = {
			isa = PBXGroup;
			children = (
				9F8492F375EDDCA67126F322 /* CreatorStudioMacApp.swift */,
				49B61A3C1C50E2351B7B36F2 /* MacAppModel.swift */,
				9D5F8ED81AD7038AB4786A6A /* MacCaptureSegmentWriter.swift */,
				3209D4DC8EAE5D16A0FD2A92 /* MacContentView.swift */,
				150FA7212A25D066C5D5EB4B /* MacGlobalHotKeyMonitor.swift */,
				2504505F5A8B2C3C34E7861E /* MacPointerTracking.swift */,
				3B8EE4A4FF40A7B48763A6FA /* MacScreenCaptureCoordinator.swift */,
			);
			name = Sources;
			path = Sources;
			sourceTree = "<group>";
		};
		FA39F5EB914CB175406657A5 /* Extensions */ = {
			isa = PBXGroup;
			children = (
				DF0C108304596DEDF0F14498 /* CreatorBroadcast */,
			);
			name = Extensions;
			path = Extensions;
			sourceTree = "<group>";
		};
/* End PBXGroup section */

/* Begin PBXNativeTarget section */
		1D98567AA74AA4A8AEE02047 /* CreatorBroadcast */ = {
			isa = PBXNativeTarget;
			buildConfigurationList = DBEA34494E92C05F997EF92B /* Build configuration list for PBXNativeTarget "CreatorBroadcast" */;
			buildPhases = (
				F153445BE96DDEA3EE2415DE /* Sources */,
				68B33ABBD700B5C6FAE44B0E /* Frameworks */,
				5E142E917CD77A4BBD0D6C18 /* Resources */,
			);
			buildRules = (
			);
			dependencies = (
			);
			name = CreatorBroadcast;
			packageProductDependencies = (
				47392DA6376D488FDB8F42CF /* StudioDomain */,
				7376F82A070A0316D6E721E4 /* StudioCapture */,
			);
			productName = CreatorBroadcast;
			productReference = 6093D2A8E7CDD677170D6327 /* CreatorBroadcast.appex */;
			productType = "com.apple.product-type.app-extension";
		};
		C941D445DB83500EB708FCC6 /* CreatorStudio */ = {
			isa = PBXNativeTarget;
			buildConfigurationList = 3806F995DAE6F95D77ECAFE7 /* Build configuration list for PBXNativeTarget "CreatorStudio" */;
			buildPhases = (
				656670B8EDD7EAC78EA2F82F /* Sources */,
				00B9178C47A7138046117A61 /* Frameworks */,
				8124A3E6128FCC53684DF9BE /* Resources */,
				75423C6107DB29032048B6F7 /* Embed App Extensions */,
			);
			buildRules = (
			);
			dependencies = (
				D1FDAE91A89972C65EB5BFD8 /* PBXTargetDependency */,
			);
			name = CreatorStudio;
			packageProductDependencies = (
				B8A22674F6611F639B4862C7 /* StudioDomain */,
				454D8C286FBC9ECA147209DD /* StudioCapture */,
				CB524A9038768C96BB7FE9A7 /* StudioProjectStore */,
				1FD076C444397EE1F3416272 /* StudioMediaPipeline */,
				6F38059165B9D8194B989642 /* StudioAI */,
				32C98921D7A6FEE9AC5B3CCD /* StudioExport */,
			);
			productName = CreatorStudio;
			productReference = 61932FC72DA5A4A411FA54EA /* CreatorStudio.app */;
			productType = "com.apple.product-type.application";
		};
		F01D18FD0B57A79ED85B1F40 /* CreatorStudioMac */ = {
			isa = PBXNativeTarget;
			buildConfigurationList = 439166750F8668A439CFB333 /* Build configuration list for PBXNativeTarget "CreatorStudioMac" */;
			buildPhases = (
				CA748A4B61DDE0C5420F7B14 /* Sources */,
				6C6809C0DC13846DCA530565 /* Frameworks */,
				1E7B353C70A280E301A44A81 /* Resources */,
			);
			buildRules = (
			);
			dependencies = (
			);
			name = CreatorStudioMac;
			packageProductDependencies = (
				CCA9993AA2FE8840280BB0EC /* StudioDomain */,
				4457A5EE7C9B8352AC4F514D /* StudioCapture */,
				A213F541362F83ED1DC59C8F /* StudioProjectStore */,
				81960CE4FBBDF7F21CD0CCD6 /* StudioMediaPipeline */,
				8C3316E540BD9B44DD7A2AE5 /* StudioAI */,
				902B8C47F1FECFD8701AEB9F /* StudioExport */,
			);
			productName = CreatorStudioMac;
			productReference = 2A75595AB13475332DF2F3F4 /* CreatorStudioMac.app */;
			productType = "com.apple.product-type.application";
		};
/* End PBXNativeTarget section */

/* Begin PBXProject section */
		83D8F36F4CFE3A5A06021ACD /* Project object */ = {
			isa = PBXProject;
			attributes = {
				LastSwiftUpdateCheck = 2630;
				LastUpgradeCheck = 2630;
			};
			buildConfigurationList = 906970202769209B6445F0A8 /* Build configuration list for PBXProject "CreatorStudio" */;
			compatibilityVersion = "Xcode 3.2";
			developmentRegion = en;
			hasScannedForEncodings = 0;
			knownRegions = (
				en,
				Base,
			);
			mainGroup = C34B7E90A0DF4E6DB3221106;
			minimizedProjectReferenceProxies = 0;
			packageReferences = (
				CB3776570C8B0256B8A2A270 /* XCLocalSwiftPackageReference "." */,
			);
			preferredProjectObjectVersion = 77;
			productRefGroup = 6348FB06176CBFEFA45AAD56 /* Products */;
			projectDirPath = "";
			projectRoot = "";
			targets = (
				C941D445DB83500EB708FCC6 /* CreatorStudio */,
				1D98567AA74AA4A8AEE02047 /* CreatorBroadcast */,
				F01D18FD0B57A79ED85B1F40 /* CreatorStudioMac */,
			);
		};
/* End PBXProject section */

/* Begin PBXResourcesBuildPhase section */
		1E7B353C70A280E301A44A81 /* Resources */ = {
			isa = PBXResourcesBuildPhase;
			buildActionMask = 2147483647;
			files = (
				85FC337B915F6FC63631D719 /* Assets.xcassets in Resources */,
			);
			runOnlyForDeploymentPostprocessing = 0;
		};
		5E142E917CD77A4BBD0D6C18 /* Resources */ = {
			isa = PBXResourcesBuildPhase;
			buildActionMask = 2147483647;
			files = (
			);
			runOnlyForDeploymentPostprocessing = 0;
		};
		8124A3E6128FCC53684DF9BE /* Resources */ = {
			isa = PBXResourcesBuildPhase;
			buildActionMask = 2147483647;
			files = (
			);
			runOnlyForDeploymentPostprocessing = 0;
		};
/* End PBXResourcesBuildPhase section */

/* Begin PBXSourcesBuildPhase section */
		656670B8EDD7EAC78EA2F82F /* Sources */ = {
			isa = PBXSourcesBuildPhase;
			buildActionMask = 2147483647;
			files = (
				0EFECA634F6D0F9120668935 /* AppModel.swift in Sources */,
				4EA7608689D95E1871B81510 /* BroadcastPickerView.swift in Sources */,
				E4C2B02F226822AA57FF42B4 /* ContentView.swift in Sources */,
				F0C352F62063391B0A4A5CFC /* CreatorStudioApp.swift in Sources */,
			);
			runOnlyForDeploymentPostprocessing = 0;
		};
		CA748A4B61DDE0C5420F7B14 /* Sources */ = {
			isa = PBXSourcesBuildPhase;
			buildActionMask = 2147483647;
			files = (
				C4A62883D1C1E8CBFAA7E4C8 /* CreatorStudioMacApp.swift in Sources */,
				D3331307ECFBE085152FF6D1 /* MacAppModel.swift in Sources */,
				BD47686B5D669657C41F7EF3 /* MacCaptureSegmentWriter.swift in Sources */,
				A05E4F3B550FB6F7125B5B57 /* MacContentView.swift in Sources */,
				49CFE9A6CE19FB4CD6CC80F0 /* MacGlobalHotKeyMonitor.swift in Sources */,
				1CE46C8514006CF0517F42B7 /* MacPointerTracking.swift in Sources */,
				B854DE2FA70259309DC3E6D1 /* MacScreenCaptureCoordinator.swift in Sources */,
			);
			runOnlyForDeploymentPostprocessing = 0;
		};
		F153445BE96DDEA3EE2415DE /* Sources */ = {
			isa = PBXSourcesBuildPhase;
			buildActionMask = 2147483647;
			files = (
				059C2C50C2EC0042BF7B40A5 /* SampleHandler.swift in Sources */,
			);
			runOnlyForDeploymentPostprocessing = 0;
		};
/* End PBXSourcesBuildPhase section */

/* Begin PBXTargetDependency section */
		D1FDAE91A89972C65EB5BFD8 /* PBXTargetDependency */ = {
			isa = PBXTargetDependency;
			name = CreatorBroadcast;
			target = 1D98567AA74AA4A8AEE02047 /* CreatorBroadcast */;
			targetProxy = 9B98EE98551B812708B6B66E /* PBXContainerItemProxy */;
		};
/* End PBXTargetDependency section */

/* Begin XCBuildConfiguration section */
		17DF01A5AD1FAADF49F280E3 /* Release */ = {
			isa = XCBuildConfiguration;
			buildSettings = {
				ALWAYS_SEARCH_USER_PATHS = NO;
				CLANG_ANALYZER_NONNULL = YES;
				CLANG_ANALYZER_NUMBER_OBJECT_CONVERSION = YES_AGGRESSIVE;
				CLANG_CXX_LANGUAGE_STANDARD = "gnu++14";
				CLANG_CXX_LIBRARY = "libc++";
				CLANG_ENABLE_MODULES = YES;
				CLANG_ENABLE_OBJC_ARC = YES;
				CLANG_ENABLE_OBJC_WEAK = YES;
				CLANG_WARN_BLOCK_CAPTURE_AUTORELEASING = YES;
				CLANG_WARN_BOOL_CONVERSION = YES;
				CLANG_WARN_COMMA = YES;
				CLANG_WARN_CONSTANT_CONVERSION = YES;
				CLANG_WARN_DEPRECATED_OBJC_IMPLEMENTATIONS = YES;
				CLANG_WARN_DIRECT_OBJC_ISA_USAGE = YES_ERROR;
				CLANG_WARN_DOCUMENTATION_COMMENTS = YES;
				CLANG_WARN_EMPTY_BODY = YES;
				CLANG_WARN_ENUM_CONVERSION = YES;
				CLANG_WARN_INFINITE_RECURSION = YES;
				CLANG_WARN_INT_CONVERSION = YES;
				CLANG_WARN_NON_LITERAL_NULL_CONVERSION = YES;
				CLANG_WARN_OBJC_IMPLICIT_RETAIN_SELF = YES;
				CLANG_WARN_OBJC_LITERAL_CONVERSION = YES;
				CLANG_WARN_OBJC_ROOT_CLASS = YES_ERROR;
				CLANG_WARN_QUOTED_INCLUDE_IN_FRAMEWORK_HEADER = YES;
				CLANG_WARN_RANGE_LOOP_ANALYSIS = YES;
				CLANG_WARN_STRICT_PROTOTYPES = YES;
				CLANG_WARN_SUSPICIOUS_MOVE = YES;
				CLANG_WARN_UNGUARDED_AVAILABILITY = YES_AGGRESSIVE;
				CLANG_WARN_UNREACHABLE_CODE = YES;
				CLANG_WARN__DUPLICATE_METHOD_MATCH = YES;
				COPY_PHASE_STRIP = NO;
				DEBUG_INFORMATION_FORMAT = "dwarf-with-dsym";
				ENABLE_NS_ASSERTIONS = NO;
				ENABLE_STRICT_OBJC_MSGSEND = YES;
				GCC_C_LANGUAGE_STANDARD = gnu11;
				GCC_NO_COMMON_BLOCKS = YES;
				GCC_WARN_64_TO_32_BIT_CONVERSION = YES;
				GCC_WARN_ABOUT_RETURN_TYPE = YES_ERROR;
				GCC_WARN_UNDECLARED_SELECTOR = YES;
				GCC_WARN_UNINITIALIZED_AUTOS = YES_AGGRESSIVE;
				GCC_WARN_UNUSED_FUNCTION = YES;
				GCC_WARN_UNUSED_VARIABLE = YES;
				MTL_ENABLE_DEBUG_INFO = NO;
				MTL_FAST_MATH = YES;
				PRODUCT_NAME = "$(TARGET_NAME)";
				SWIFT_COMPILATION_MODE = wholemodule;
				SWIFT_OPTIMIZATION_LEVEL = "-O";
				SWIFT_VERSION = 5.0;
			};
			name = Release;
		};
		23A9C7993DD679D1068CC404 /* Release */ = {
			isa = XCBuildConfiguration;
			buildSettings = {
				ASSETCATALOG_COMPILER_APPICON_NAME = AppIcon;
				ASSETCATALOG_COMPILER_GENERATE_SWIFT_ASSET_SYMBOL_EXTENSIONS = YES;
				ASSETCATALOG_COMPILER_GLOBAL_ACCENT_COLOR_NAME = AccentColor;
				CLANG_ENABLE_OBJC_WEAK = NO;
				CODE_SIGN_ENTITLEMENTS = Apps/CreatorStudioApp/CreatorStudioApp.entitlements;
				CURRENT_PROJECT_VERSION = 1;
				ENABLE_USER_SCRIPT_SANDBOXING = YES;
				GENERATE_INFOPLIST_FILE = NO;
				INFOPLIST_FILE = Apps/CreatorStudioApp/Info.plist;
				IPHONEOS_DEPLOYMENT_TARGET = 18.0;
				LD_RUNPATH_SEARCH_PATHS = "$(inherited) @executable_path/Frameworks";
				MARKETING_VERSION = 0.1.0;
				PRODUCT_BUNDLE_IDENTIFIER = com.example.CreatorStudio;
				PRODUCT_NAME = "$(TARGET_NAME)";
				SDKROOT = iphoneos;
				SKIP_INSTALL = NO;
				SWIFT_STRICT_CONCURRENCY = complete;
				SWIFT_VERSION = 6.2;
				TARGETED_DEVICE_FAMILY = "1,2";
				VALIDATE_PRODUCT = YES;
			};
			name = Release;
		};
		2B533886E591554B3DBC18CE /* Release */ = {
			isa = XCBuildConfiguration;
			buildSettings = {
				APPLICATION_EXTENSION_API_ONLY = YES;
				CLANG_ENABLE_OBJC_WEAK = NO;
				CODE_SIGN_ENTITLEMENTS = Extensions/CreatorBroadcast/CreatorBroadcast.entitlements;
				CURRENT_PROJECT_VERSION = 1;
				ENABLE_USER_SCRIPT_SANDBOXING = YES;
				GENERATE_INFOPLIST_FILE = NO;
				INFOPLIST_FILE = Extensions/CreatorBroadcast/Info.plist;
				IPHONEOS_DEPLOYMENT_TARGET = 18.0;
				MARKETING_VERSION = 0.1.0;
				PRODUCT_BUNDLE_IDENTIFIER = com.example.CreatorStudio.Broadcast;
				PRODUCT_NAME = "$(TARGET_NAME)";
				SDKROOT = iphoneos;
				SKIP_INSTALL = YES;
				SWIFT_STRICT_CONCURRENCY = complete;
				SWIFT_VERSION = 6.2;
				TARGETED_DEVICE_FAMILY = "1,2";
				VALIDATE_PRODUCT = YES;
			};
			name = Release;
		};
		3E5A4BBB697E3DA6FA3D1E3E /* Debug */ = {
			isa = XCBuildConfiguration;
			buildSettings = {
				APPLICATION_EXTENSION_API_ONLY = YES;
				CLANG_ENABLE_OBJC_WEAK = NO;
				CODE_SIGN_ENTITLEMENTS = Extensions/CreatorBroadcast/CreatorBroadcast.entitlements;
				CURRENT_PROJECT_VERSION = 1;
				ENABLE_USER_SCRIPT_SANDBOXING = YES;
				GENERATE_INFOPLIST_FILE = NO;
				INFOPLIST_FILE = Extensions/CreatorBroadcast/Info.plist;
				IPHONEOS_DEPLOYMENT_TARGET = 18.0;
				MARKETING_VERSION = 0.1.0;
				PRODUCT_BUNDLE_IDENTIFIER = com.example.CreatorStudio.Broadcast;
				PRODUCT_NAME = "$(TARGET_NAME)";
				SDKROOT = iphoneos;
				SKIP_INSTALL = YES;
				SWIFT_STRICT_CONCURRENCY = complete;
				SWIFT_VERSION = 6.2;
				TARGETED_DEVICE_FAMILY = "1,2";
			};
			name = Debug;
		};
		5AC12466494ED4D27A8E2F4B /* Debug */ = {
			isa = XCBuildConfiguration;
			buildSettings = {
				ALWAYS_SEARCH_USER_PATHS = NO;
				CLANG_ANALYZER_NONNULL = YES;
				CLANG_ANALYZER_NUMBER_OBJECT_CONVERSION = YES_AGGRESSIVE;
				CLANG_CXX_LANGUAGE_STANDARD = "gnu++14";
				CLANG_CXX_LIBRARY = "libc++";
				CLANG_ENABLE_MODULES = YES;
				CLANG_ENABLE_OBJC_ARC = YES;
				CLANG_ENABLE_OBJC_WEAK = YES;
				CLANG_WARN_BLOCK_CAPTURE_AUTORELEASING = YES;
				CLANG_WARN_BOOL_CONVERSION = YES;
				CLANG_WARN_COMMA = YES;
				CLANG_WARN_CONSTANT_CONVERSION = YES;
				CLANG_WARN_DEPRECATED_OBJC_IMPLEMENTATIONS = YES;
				CLANG_WARN_DIRECT_OBJC_ISA_USAGE = YES_ERROR;
				CLANG_WARN_DOCUMENTATION_COMMENTS = YES;
				CLANG_WARN_EMPTY_BODY = YES;
				CLANG_WARN_ENUM_CONVERSION = YES;
				CLANG_WARN_INFINITE_RECURSION = YES;
				CLANG_WARN_INT_CONVERSION = YES;
				CLANG_WARN_NON_LITERAL_NULL_CONVERSION = YES;
				CLANG_WARN_OBJC_IMPLICIT_RETAIN_SELF = YES;
				CLANG_WARN_OBJC_LITERAL_CONVERSION = YES;
				CLANG_WARN_OBJC_ROOT_CLASS = YES_ERROR;
				CLANG_WARN_QUOTED_INCLUDE_IN_FRAMEWORK_HEADER = YES;
				CLANG_WARN_RANGE_LOOP_ANALYSIS = YES;
				CLANG_WARN_STRICT_PROTOTYPES = YES;
				CLANG_WARN_SUSPICIOUS_MOVE = YES;
				CLANG_WARN_UNGUARDED_AVAILABILITY = YES_AGGRESSIVE;
				CLANG_WARN_UNREACHABLE_CODE = YES;
				CLANG_WARN__DUPLICATE_METHOD_MATCH = YES;
				COPY_PHASE_STRIP = NO;
				DEBUG_INFORMATION_FORMAT = dwarf;
				ENABLE_STRICT_OBJC_MSGSEND = YES;
				ENABLE_TESTABILITY = YES;
				GCC_C_LANGUAGE_STANDARD = gnu11;
				GCC_DYNAMIC_NO_PIC = NO;
				GCC_NO_COMMON_BLOCKS = YES;
				GCC_OPTIMIZATION_LEVEL = 0;
				GCC_PREPROCESSOR_DEFINITIONS = (
					"DEBUG=1",
					"$(inherited)",
				);
				GCC_WARN_64_TO_32_BIT_CONVERSION = YES;
				GCC_WARN_ABOUT_RETURN_TYPE = YES_ERROR;
				GCC_WARN_UNDECLARED_SELECTOR = YES;
				GCC_WARN_UNINITIALIZED_AUTOS = YES_AGGRESSIVE;
				GCC_WARN_UNUSED_FUNCTION = YES;
				GCC_WARN_UNUSED_VARIABLE = YES;
				MTL_ENABLE_DEBUG_INFO = INCLUDE_SOURCE;
				MTL_FAST_MATH = YES;
				ONLY_ACTIVE_ARCH = YES;
				PRODUCT_NAME = "$(TARGET_NAME)";
				SWIFT_ACTIVE_COMPILATION_CONDITIONS = DEBUG;
				SWIFT_OPTIMIZATION_LEVEL = "-Onone";
				SWIFT_VERSION = 5.0;
			};
			name = Debug;
		};
		60FE5E591BE003E012A3AB52 /* Release */ = {
			isa = XCBuildConfiguration;
			buildSettings = {
				ASSETCATALOG_COMPILER_APPICON_NAME = AppIcon;
				ASSETCATALOG_COMPILER_GENERATE_SWIFT_ASSET_SYMBOL_EXTENSIONS = YES;
				ASSETCATALOG_COMPILER_GLOBAL_ACCENT_COLOR_NAME = AccentColor;
				CODE_SIGN_ENTITLEMENTS = Apps/CreatorStudioMac/CreatorStudioMac.entitlements;
				COMBINE_HIDPI_IMAGES = YES;
				CURRENT_PROJECT_VERSION = 1;
				ENABLE_USER_SCRIPT_SANDBOXING = YES;
				GENERATE_INFOPLIST_FILE = NO;
				INFOPLIST_FILE = Apps/CreatorStudioMac/Info.plist;
				LD_RUNPATH_SEARCH_PATHS = "$(inherited) @executable_path/../Frameworks";
				MACOSX_DEPLOYMENT_TARGET = 15.0;
				MARKETING_VERSION = 0.1.0;
				PRODUCT_BUNDLE_IDENTIFIER = com.example.CreatorStudio.Mac;
				PRODUCT_NAME = "$(TARGET_NAME)";
				SDKROOT = macosx;
				SKIP_INSTALL = NO;
				SWIFT_STRICT_CONCURRENCY = complete;
				SWIFT_VERSION = 6.2;
			};
			name = Release;
		};
		68367190AECF4366CA683260 /* Debug */ = {
			isa = XCBuildConfiguration;
			buildSettings = {
				ASSETCATALOG_COMPILER_APPICON_NAME = AppIcon;
				ASSETCATALOG_COMPILER_GENERATE_SWIFT_ASSET_SYMBOL_EXTENSIONS = YES;
				ASSETCATALOG_COMPILER_GLOBAL_ACCENT_COLOR_NAME = AccentColor;
				CLANG_ENABLE_OBJC_WEAK = NO;
				CODE_SIGN_ENTITLEMENTS = Apps/CreatorStudioApp/CreatorStudioApp.entitlements;
				CURRENT_PROJECT_VERSION = 1;
				ENABLE_USER_SCRIPT_SANDBOXING = YES;
				GENERATE_INFOPLIST_FILE = NO;
				INFOPLIST_FILE = Apps/CreatorStudioApp/Info.plist;
				IPHONEOS_DEPLOYMENT_TARGET = 18.0;
				LD_RUNPATH_SEARCH_PATHS = "$(inherited) @executable_path/Frameworks";
				MARKETING_VERSION = 0.1.0;
				PRODUCT_BUNDLE_IDENTIFIER = com.example.CreatorStudio;
				PRODUCT_NAME = "$(TARGET_NAME)";
				SDKROOT = iphoneos;
				SKIP_INSTALL = NO;
				SWIFT_STRICT_CONCURRENCY = complete;
				SWIFT_VERSION = 6.2;
				TARGETED_DEVICE_FAMILY = "1,2";
			};
			name = Debug;
		};
		B070DD6B91788C6D806B1613 /* Debug */ = {
			isa = XCBuildConfiguration;
			buildSettings = {
				ASSETCATALOG_COMPILER_APPICON_NAME = AppIcon;
				ASSETCATALOG_COMPILER_GENERATE_SWIFT_ASSET_SYMBOL_EXTENSIONS = YES;
				ASSETCATALOG_COMPILER_GLOBAL_ACCENT_COLOR_NAME = AccentColor;
				CODE_SIGN_ENTITLEMENTS = Apps/CreatorStudioMac/CreatorStudioMac.entitlements;
				COMBINE_HIDPI_IMAGES = YES;
				CURRENT_PROJECT_VERSION = 1;
				ENABLE_USER_SCRIPT_SANDBOXING = YES;
				GENERATE_INFOPLIST_FILE = NO;
				INFOPLIST_FILE = Apps/CreatorStudioMac/Info.plist;
				LD_RUNPATH_SEARCH_PATHS = "$(inherited) @executable_path/../Frameworks";
				MACOSX_DEPLOYMENT_TARGET = 15.0;
				MARKETING_VERSION = 0.1.0;
				PRODUCT_BUNDLE_IDENTIFIER = com.example.CreatorStudio.Mac;
				PRODUCT_NAME = "$(TARGET_NAME)";
				SDKROOT = macosx;
				SKIP_INSTALL = NO;
				SWIFT_STRICT_CONCURRENCY = complete;
				SWIFT_VERSION = 6.2;
			};
			name = Debug;
		};
/* End XCBuildConfiguration section */

/* Begin XCConfigurationList section */
		3806F995DAE6F95D77ECAFE7 /* Build configuration list for PBXNativeTarget "CreatorStudio" */ = {
			isa = XCConfigurationList;
			buildConfigurations = (
				23A9C7993DD679D1068CC404 /* Release */,
				68367190AECF4366CA683260 /* Debug */,
			);
			defaultConfigurationIsVisible = 0;
			defaultConfigurationName = Release;
		};
		439166750F8668A439CFB333 /* Build configuration list for PBXNativeTarget "CreatorStudioMac" */ = {
			isa = XCConfigurationList;
			buildConfigurations = (
				60FE5E591BE003E012A3AB52 /* Release */,
				B070DD6B91788C6D806B1613 /* Debug */,
			);
			defaultConfigurationIsVisible = 0;
			defaultConfigurationName = Release;
		};
		906970202769209B6445F0A8 /* Build configuration list for PBXProject "CreatorStudio" */ = {
			isa = XCConfigurationList;
			buildConfigurations = (
				5AC12466494ED4D27A8E2F4B /* Debug */,
				17DF01A5AD1FAADF49F280E3 /* Release */,
			);
			defaultConfigurationIsVisible = 0;
			defaultConfigurationName = Release;
		};
		DBEA34494E92C05F997EF92B /* Build configuration list for PBXNativeTarget "CreatorBroadcast" */ = {
			isa = XCConfigurationList;
			buildConfigurations = (
				2B533886E591554B3DBC18CE /* Release */,
				3E5A4BBB697E3DA6FA3D1E3E /* Debug */,
			);
			defaultConfigurationIsVisible = 0;
			defaultConfigurationName = Release;
		};
/* End XCConfigurationList section */

/* Begin XCLocalSwiftPackageReference section */
		CB3776570C8B0256B8A2A270 /* XCLocalSwiftPackageReference "." */ = {
			isa = XCLocalSwiftPackageReference;
			relativePath = .;
		};
/* End XCLocalSwiftPackageReference section */

/* Begin XCSwiftPackageProductDependency section */
		1FD076C444397EE1F3416272 /* StudioMediaPipeline */ = {
			isa = XCSwiftPackageProductDependency;
			package = CB3776570C8B0256B8A2A270 /* XCLocalSwiftPackageReference "." */;
			productName = StudioMediaPipeline;
		};
		32C98921D7A6FEE9AC5B3CCD /* StudioExport */ = {
			isa = XCSwiftPackageProductDependency;
			package = CB3776570C8B0256B8A2A270 /* XCLocalSwiftPackageReference "." */;
			productName = StudioExport;
		};
		4457A5EE7C9B8352AC4F514D /* StudioCapture */ = {
			isa = XCSwiftPackageProductDependency;
			package = CB3776570C8B0256B8A2A270 /* XCLocalSwiftPackageReference "." */;
			productName = StudioCapture;
		};
		454D8C286FBC9ECA147209DD /* StudioCapture */ = {
			isa = XCSwiftPackageProductDependency;
			package = CB3776570C8B0256B8A2A270 /* XCLocalSwiftPackageReference "." */;
			productName = StudioCapture;
		};
		47392DA6376D488FDB8F42CF /* StudioDomain */ = {
			isa = XCSwiftPackageProductDependency;
			package = CB3776570C8B0256B8A2A270 /* XCLocalSwiftPackageReference "." */;
			productName = StudioDomain;
		};
		6F38059165B9D8194B989642 /* StudioAI */ = {
			isa = XCSwiftPackageProductDependency;
			package = CB3776570C8B0256B8A2A270 /* XCLocalSwiftPackageReference "." */;
			productName = StudioAI;
		};
		7376F82A070A0316D6E721E4 /* StudioCapture */ = {
			isa = XCSwiftPackageProductDependency;
			package = CB3776570C8B0256B8A2A270 /* XCLocalSwiftPackageReference "." */;
			productName = StudioCapture;
		};
		81960CE4FBBDF7F21CD0CCD6 /* StudioMediaPipeline */ = {
			isa = XCSwiftPackageProductDependency;
			package = CB3776570C8B0256B8A2A270 /* XCLocalSwiftPackageReference "." */;
			productName = StudioMediaPipeline;
		};
		8C3316E540BD9B44DD7A2AE5 /* StudioAI */ = {
			isa = XCSwiftPackageProductDependency;
			package = CB3776570C8B0256B8A2A270 /* XCLocalSwiftPackageReference "." */;
			productName = StudioAI;
		};
		902B8C47F1FECFD8701AEB9F /* StudioExport */ = {
			isa = XCSwiftPackageProductDependency;
			package = CB3776570C8B0256B8A2A270 /* XCLocalSwiftPackageReference "." */;
			productName = StudioExport;
		};
		A213F541362F83ED1DC59C8F /* StudioProjectStore */ = {
			isa = XCSwiftPackageProductDependency;
			package = CB3776570C8B0256B8A2A270 /* XCLocalSwiftPackageReference "." */;
			productName = StudioProjectStore;
		};
		B8A22674F6611F639B4862C7 /* StudioDomain */ = {
			isa = XCSwiftPackageProductDependency;
			package = CB3776570C8B0256B8A2A270 /* XCLocalSwiftPackageReference "." */;
			productName = StudioDomain;
		};
		CB524A9038768C96BB7FE9A7 /* StudioProjectStore */ = {
			isa = XCSwiftPackageProductDependency;
			package = CB3776570C8B0256B8A2A270 /* XCLocalSwiftPackageReference "." */;
			productName = StudioProjectStore;
		};
		CCA9993AA2FE8840280BB0EC /* StudioDomain */ = {
			isa = XCSwiftPackageProductDependency;
			package = CB3776570C8B0256B8A2A270 /* XCLocalSwiftPackageReference "." */;
			productName = StudioDomain;
		};
/* End XCSwiftPackageProductDependency section */
	};
	rootObject = 83D8F36F4CFE3A5A06021ACD /* Project object */;
}
