// !$*UTF8*$!
{
	archiveVersion = 1;
	classes = {
	};
	objectVersion = 46;
	objects = {

/* Begin PBXBuildFile section */
		0635C6DE6BF6D4CEED0F982F /* CreatorBroadcast.appex in Embed App Extensions */ = {isa = PBXBuildFile; fileRef = 7E19E471960FB5DAE9864A23 /* CreatorBroadcast.appex */; settings = {ATTRIBUTES = (RemoveHeadersOnCopy, ); }; };
		070CC8B65F685CA615A674B5 /* BroadcastPickerView.swift in Sources */ = {isa = PBXBuildFile; fileRef = 40CED9B70C1D870B88F982D3 /* BroadcastPickerView.swift */; };
		0DEFEA9F2C76973F41094D38 /* MacCaptureSegmentWriter.swift in Sources */ = {isa = PBXBuildFile; fileRef = 23FA6137488ECBF4A4AA48FC /* MacCaptureSegmentWriter.swift */; };
		0FB17128C493ED97D31B41DD /* StudioDomain in Frameworks */ = {isa = PBXBuildFile; productRef = F093D118E1B818A2D89CC217 /* StudioDomain */; };
		2B5248114149A9CD61C78778 /* CreatorStudioMacApp.swift in Sources */ = {isa = PBXBuildFile; fileRef = B3D88DEA71F25051A3C52418 /* CreatorStudioMacApp.swift */; };
		3F696A9A8D384978DF5F3C4E /* Cocoa.framework in Frameworks */ = {isa = PBXBuildFile; fileRef = 2FA0F2E272F176E14D7990A4 /* Cocoa.framework */; };
		4BC7D22A46DB8DD6B68FE30D /* SampleHandler.swift in Sources */ = {isa = PBXBuildFile; fileRef = A053E7659B3919CEDE56817D /* SampleHandler.swift */; };
		50C506945CB0FB2155A2B52F /* StudioProjectStore in Frameworks */ = {isa = PBXBuildFile; productRef = 5D7E5461F07DB6CA5D8D88BA /* StudioProjectStore */; };
		635B6BF8A097C9A67ED3ACAF /* StudioMediaPipeline in Frameworks */ = {isa = PBXBuildFile; productRef = 1D5902B38B1F73F770E103B5 /* StudioMediaPipeline */; };
		743B772FADFED9393272900C /* Foundation.framework in Frameworks */ = {isa = PBXBuildFile; fileRef = 42B4591164989D000836463A /* Foundation.framework */; };
		804B76AA21BD2A64DAB13AC2 /* MacScreenCaptureCoordinator.swift in Sources */ = {isa = PBXBuildFile; fileRef = 074F74285570F658380BB5E8 /* MacScreenCaptureCoordinator.swift */; };
		8B1373E7096558868AC7C2B3 /* MacContentView.swift in Sources */ = {isa = PBXBuildFile; fileRef = 195B6540D1206D24F62CD245 /* MacContentView.swift */; };
		9F949A9A4D25E764EE043D43 /* Foundation.framework in Frameworks */ = {isa = PBXBuildFile; fileRef = 42B4591164989D000836463A /* Foundation.framework */; };
		A728D788FE05BE297BD1AA01 /* AppModel.swift in Sources */ = {isa = PBXBuildFile; fileRef = 0F11FCC9844EE29B0408B80F /* AppModel.swift */; };
		A8D47E11070C8B69CB68C4E3 /* StudioAI in Frameworks */ = {isa = PBXBuildFile; productRef = B00149E7A68810CE84AB11BF /* StudioAI */; };
		A93989C2680088DE9931F8B4 /* StudioCapture in Frameworks */ = {isa = PBXBuildFile; productRef = 763F1767312437D72F27A878 /* StudioCapture */; };
		AF52CB8914B4D2E2F4727231 /* MacAppModel.swift in Sources */ = {isa = PBXBuildFile; fileRef = A7ED9923995BA57C8345158B /* MacAppModel.swift */; };
		B385E3AD7166CF0F6568DCE6 /* StudioMediaPipeline in Frameworks */ = {isa = PBXBuildFile; productRef = A095F9831A2B6FCE34D04E3B /* StudioMediaPipeline */; };
		BA710EDBC150E0CFA097ED62 /* StudioExport in Frameworks */ = {isa = PBXBuildFile; productRef = 677A5470AE0B1C7DE23A73A3 /* StudioExport */; };
		BBBD654CF338BDBB78ACC89A /* StudioCapture in Frameworks */ = {isa = PBXBuildFile; productRef = 8ED76229D4B6DB5BCDAAFEDE /* StudioCapture */; };
		BEC7ACA082099534927C746F /* StudioCapture in Frameworks */ = {isa = PBXBuildFile; productRef = 29B0C1E92F8A6555D3CA9847 /* StudioCapture */; };
		C0D781FBFEE6580C13B1222A /* StudioExport in Frameworks */ = {isa = PBXBuildFile; productRef = 755931007EB6151A440CFE8A /* StudioExport */; };
		C44E5B3D6F5DE60EFF42DB46 /* ContentView.swift in Sources */ = {isa = PBXBuildFile; fileRef = 3CF41F0D3256BA7D43683FE8 /* ContentView.swift */; };
		CB17F9EEF4A4294144587B6B /* StudioDomain in Frameworks */ = {isa = PBXBuildFile; productRef = 07A5FC6AD0973665AD732D7E /* StudioDomain */; };
		D2639DF4C52C65FD9BAB31D8 /* CreatorStudioApp.swift in Sources */ = {isa = PBXBuildFile; fileRef = 0672E4DA7F3A576172F3D9AE /* CreatorStudioApp.swift */; };
		DD19D18C7AB708EDE2B39D3D /* StudioProjectStore in Frameworks */ = {isa = PBXBuildFile; productRef = 5BB0411F25D2B2EB23DED2C6 /* StudioProjectStore */; };
		F85A1040AE132FBA89D84A28 /* StudioAI in Frameworks */ = {isa = PBXBuildFile; productRef = E54E3338DDEFCE0AC971DE41 /* StudioAI */; };
		FFD1DFB5D2A5B12DB75CB7C4 /* StudioDomain in Frameworks */ = {isa = PBXBuildFile; productRef = D0508E618CFC32022677215F /* StudioDomain */; };
/* End PBXBuildFile section */

/* Begin PBXContainerItemProxy section */
		237FD466874692918D1652C7 /* PBXContainerItemProxy */ = {
			isa = PBXContainerItemProxy;
			containerPortal = BD64D30C5F89783A32680A43 /* Project object */;
			proxyType = 1;
			remoteGlobalIDString = 925F8064721B1A2787718EF4;
			remoteInfo = CreatorBroadcast;
		};
/* End PBXContainerItemProxy section */

/* Begin PBXCopyFilesBuildPhase section */
		3D88165DB64273F243D94546 /* Embed App Extensions */ = {
			isa = PBXCopyFilesBuildPhase;
			buildActionMask = 2147483647;
			dstPath = "";
			dstSubfolderSpec = 13;
			files = (
				0635C6DE6BF6D4CEED0F982F /* CreatorBroadcast.appex in Embed App Extensions */,
			);
			name = "Embed App Extensions";
			runOnlyForDeploymentPostprocessing = 0;
		};
/* End PBXCopyFilesBuildPhase section */

/* Begin PBXFileReference section */
		0672E4DA7F3A576172F3D9AE /* CreatorStudioApp.swift */ = {isa = PBXFileReference; includeInIndex = 1; lastKnownFileType = sourcecode.swift; path = CreatorStudioApp.swift; sourceTree = "<group>"; };
		074F74285570F658380BB5E8 /* MacScreenCaptureCoordinator.swift */ = {isa = PBXFileReference; includeInIndex = 1; lastKnownFileType = sourcecode.swift; path = MacScreenCaptureCoordinator.swift; sourceTree = "<group>"; };
		0F11FCC9844EE29B0408B80F /* AppModel.swift */ = {isa = PBXFileReference; includeInIndex = 1; lastKnownFileType = sourcecode.swift; path = AppModel.swift; sourceTree = "<group>"; };
		195B6540D1206D24F62CD245 /* MacContentView.swift */ = {isa = PBXFileReference; includeInIndex = 1; lastKnownFileType = sourcecode.swift; path = MacContentView.swift; sourceTree = "<group>"; };
		1A48ED2CB78438255E2FE624 /* CreatorStudioApp.entitlements */ = {isa = PBXFileReference; includeInIndex = 1; lastKnownFileType = text.plist.entitlements; path = CreatorStudioApp.entitlements; sourceTree = "<group>"; };
		23FA6137488ECBF4A4AA48FC /* MacCaptureSegmentWriter.swift */ = {isa = PBXFileReference; includeInIndex = 1; lastKnownFileType = sourcecode.swift; path = MacCaptureSegmentWriter.swift; sourceTree = "<group>"; };
		2FA0F2E272F176E14D7990A4 /* Cocoa.framework */ = {isa = PBXFileReference; lastKnownFileType = wrapper.framework; name = Cocoa.framework; path = Platforms/MacOSX.platform/Developer/SDKs/MacOSX15.0.sdk/System/Library/Frameworks/Cocoa.framework; sourceTree = DEVELOPER_DIR; };
		3035DC4B9BFC34FA368AC3B2 /* CreatorStudioMac.app */ = {isa = PBXFileReference; explicitFileType = wrapper.application; includeInIndex = 0; path = CreatorStudioMac.app; sourceTree = BUILT_PRODUCTS_DIR; };
		3CF41F0D3256BA7D43683FE8 /* ContentView.swift */ = {isa = PBXFileReference; includeInIndex = 1; lastKnownFileType = sourcecode.swift; path = ContentView.swift; sourceTree = "<group>"; };
		40CED9B70C1D870B88F982D3 /* BroadcastPickerView.swift */ = {isa = PBXFileReference; includeInIndex = 1; lastKnownFileType = sourcecode.swift; path = BroadcastPickerView.swift; sourceTree = "<group>"; };
		42B4591164989D000836463A /* Foundation.framework */ = {isa = PBXFileReference; lastKnownFileType = wrapper.framework; name = Foundation.framework; path = Platforms/iPhoneOS.platform/Developer/SDKs/iPhoneOS18.0.sdk/System/Library/Frameworks/Foundation.framework; sourceTree = DEVELOPER_DIR; };
		6278821BEB145C3E136B12D7 /* CreatorStudioMac.entitlements */ = {isa = PBXFileReference; includeInIndex = 1; lastKnownFileType = text.plist.entitlements; path = CreatorStudioMac.entitlements; sourceTree = "<group>"; };
		644FEFB13AF046153A06A9F8 /* Info.plist */ = {isa = PBXFileReference; includeInIndex = 1; lastKnownFileType = text.plist.xml; path = Info.plist; sourceTree = "<group>"; };
		77EABD12ACC9047E60713340 /* CreatorStudio.app */ = {isa = PBXFileReference; explicitFileType = wrapper.application; includeInIndex = 0; path = CreatorStudio.app; sourceTree = BUILT_PRODUCTS_DIR; };
		7E19E471960FB5DAE9864A23 /* CreatorBroadcast.appex */ = {isa = PBXFileReference; explicitFileType = "wrapper.app-extension"; includeInIndex = 0; path = CreatorBroadcast.appex; sourceTree = BUILT_PRODUCTS_DIR; };
		9B16DCCD621B9879B8FF4047 /* Info.plist */ = {isa = PBXFileReference; includeInIndex = 1; lastKnownFileType = text.plist.xml; path = Info.plist; sourceTree = "<group>"; };
		A053E7659B3919CEDE56817D /* SampleHandler.swift */ = {isa = PBXFileReference; includeInIndex = 1; lastKnownFileType = sourcecode.swift; path = SampleHandler.swift; sourceTree = "<group>"; };
		A7ED9923995BA57C8345158B /* MacAppModel.swift */ = {isa = PBXFileReference; includeInIndex = 1; lastKnownFileType = sourcecode.swift; path = MacAppModel.swift; sourceTree = "<group>"; };
		B2BF0B46B1592199364500B4 /* CreatorBroadcast.entitlements */ = {isa = PBXFileReference; includeInIndex = 1; lastKnownFileType = text.plist.entitlements; path = CreatorBroadcast.entitlements; sourceTree = "<group>"; };
		B3D88DEA71F25051A3C52418 /* CreatorStudioMacApp.swift */ = {isa = PBXFileReference; includeInIndex = 1; lastKnownFileType = sourcecode.swift; path = CreatorStudioMacApp.swift; sourceTree = "<group>"; };
		EBD0CB8E6D232367BA2ACB69 /* Info.plist */ = {isa = PBXFileReference; includeInIndex = 1; lastKnownFileType = text.plist.xml; path = Info.plist; sourceTree = "<group>"; };
/* End PBXFileReference section */

/* Begin PBXFrameworksBuildPhase section */
		3590545FEBF3FBBC7864A17B /* Frameworks */ = {
			isa = PBXFrameworksBuildPhase;
			buildActionMask = 2147483647;
			files = (
				3F696A9A8D384978DF5F3C4E /* Cocoa.framework in Frameworks */,
				CB17F9EEF4A4294144587B6B /* StudioDomain in Frameworks */,
				A93989C2680088DE9931F8B4 /* StudioCapture in Frameworks */,
				50C506945CB0FB2155A2B52F /* StudioProjectStore in Frameworks */,
				635B6BF8A097C9A67ED3ACAF /* StudioMediaPipeline in Frameworks */,
				A8D47E11070C8B69CB68C4E3 /* StudioAI in Frameworks */,
				BA710EDBC150E0CFA097ED62 /* StudioExport in Frameworks */,
			);
			runOnlyForDeploymentPostprocessing = 0;
		};
		59F73ECE1C6D8B6340C3F255 /* Frameworks */ = {
			isa = PBXFrameworksBuildPhase;
			buildActionMask = 2147483647;
			files = (
				9F949A9A4D25E764EE043D43 /* Foundation.framework in Frameworks */,
				0FB17128C493ED97D31B41DD /* StudioDomain in Frameworks */,
				BEC7ACA082099534927C746F /* StudioCapture in Frameworks */,
				DD19D18C7AB708EDE2B39D3D /* StudioProjectStore in Frameworks */,
				B385E3AD7166CF0F6568DCE6 /* StudioMediaPipeline in Frameworks */,
				F85A1040AE132FBA89D84A28 /* StudioAI in Frameworks */,
				C0D781FBFEE6580C13B1222A /* StudioExport in Frameworks */,
			);
			runOnlyForDeploymentPostprocessing = 0;
		};
		67AC6B1F20CC677442264FB0 /* Frameworks */ = {
			isa = PBXFrameworksBuildPhase;
			buildActionMask = 2147483647;
			files = (
				743B772FADFED9393272900C /* Foundation.framework in Frameworks */,
				FFD1DFB5D2A5B12DB75CB7C4 /* StudioDomain in Frameworks */,
				BBBD654CF338BDBB78ACC89A /* StudioCapture in Frameworks */,
			);
			runOnlyForDeploymentPostprocessing = 0;
		};
/* End PBXFrameworksBuildPhase section */

/* Begin PBXGroup section */
		0DEAECFFA4AB8AE9B7F620FD /* Extensions */ = {
			isa = PBXGroup;
			children = (
				133DCCED8974CB41726BDD54 /* CreatorBroadcast */,
			);
			name = Extensions;
			path = Extensions;
			sourceTree = "<group>";
		};
		133DCCED8974CB41726BDD54 /* CreatorBroadcast */ = {
			isa = PBXGroup;
			children = (
				CB6D2C2014223890AE616DDC /* Sources */,
				644FEFB13AF046153A06A9F8 /* Info.plist */,
				B2BF0B46B1592199364500B4 /* CreatorBroadcast.entitlements */,
			);
			name = CreatorBroadcast;
			path = CreatorBroadcast;
			sourceTree = "<group>";
		};
		305BE4FFEBDB6A5B6722674E /* Sources */ = {
			isa = PBXGroup;
			children = (
				0F11FCC9844EE29B0408B80F /* AppModel.swift */,
				40CED9B70C1D870B88F982D3 /* BroadcastPickerView.swift */,
				3CF41F0D3256BA7D43683FE8 /* ContentView.swift */,
				0672E4DA7F3A576172F3D9AE /* CreatorStudioApp.swift */,
			);
			name = Sources;
			path = Sources;
			sourceTree = "<group>";
		};
		4D2BF80C48C0FB9F4E7ECEDA /* Products */ = {
			isa = PBXGroup;
			children = (
				77EABD12ACC9047E60713340 /* CreatorStudio.app */,
				7E19E471960FB5DAE9864A23 /* CreatorBroadcast.appex */,
				3035DC4B9BFC34FA368AC3B2 /* CreatorStudioMac.app */,
			);
			name = Products;
			sourceTree = "<group>";
		};
		574DF38B36D1FBF08DFE9F4D /* Sources */ = {
			isa = PBXGroup;
			children = (
				B3D88DEA71F25051A3C52418 /* CreatorStudioMacApp.swift */,
				A7ED9923995BA57C8345158B /* MacAppModel.swift */,
				23FA6137488ECBF4A4AA48FC /* MacCaptureSegmentWriter.swift */,
				195B6540D1206D24F62CD245 /* MacContentView.swift */,
				074F74285570F658380BB5E8 /* MacScreenCaptureCoordinator.swift */,
			);
			name = Sources;
			path = Sources;
			sourceTree = "<group>";
		};
		6488C3365D8B2F58CEA45DFA /* Apps */ = {
			isa = PBXGroup;
			children = (
				B5E981DF450D1C6A29FE563D /* CreatorStudioApp */,
				7AFCE2BD225116F076A18E56 /* CreatorStudioMac */,
			);
			name = Apps;
			path = Apps;
			sourceTree = "<group>";
		};
		6BB49160DC875403FBC968D7 = {
			isa = PBXGroup;
			children = (
				4D2BF80C48C0FB9F4E7ECEDA /* Products */,
				B1339CD3003DB7D6C34139CA /* Frameworks */,
				6488C3365D8B2F58CEA45DFA /* Apps */,
				0DEAECFFA4AB8AE9B7F620FD /* Extensions */,
			);
			sourceTree = "<group>";
		};
		7AFCE2BD225116F076A18E56 /* CreatorStudioMac */ = {
			isa = PBXGroup;
			children = (
				574DF38B36D1FBF08DFE9F4D /* Sources */,
				9B16DCCD621B9879B8FF4047 /* Info.plist */,
				6278821BEB145C3E136B12D7 /* CreatorStudioMac.entitlements */,
			);
			name = CreatorStudioMac;
			path = CreatorStudioMac;
			sourceTree = "<group>";
		};
		8A8B0446CEB5B5927D32477E /* OS X */ = {
			isa = PBXGroup;
			children = (
				2FA0F2E272F176E14D7990A4 /* Cocoa.framework */,
			);
			name = "OS X";
			sourceTree = "<group>";
		};
		B1339CD3003DB7D6C34139CA /* Frameworks */ = {
			isa = PBXGroup;
			children = (
				C6B1FD38ED3153FF0BBA24D3 /* iOS */,
				8A8B0446CEB5B5927D32477E /* OS X */,
			);
			name = Frameworks;
			sourceTree = "<group>";
		};
		B5E981DF450D1C6A29FE563D /* CreatorStudioApp */ = {
			isa = PBXGroup;
			children = (
				305BE4FFEBDB6A5B6722674E /* Sources */,
				EBD0CB8E6D232367BA2ACB69 /* Info.plist */,
				1A48ED2CB78438255E2FE624 /* CreatorStudioApp.entitlements */,
			);
			name = CreatorStudioApp;
			path = CreatorStudioApp;
			sourceTree = "<group>";
		};
		C6B1FD38ED3153FF0BBA24D3 /* iOS */ = {
			isa = PBXGroup;
			children = (
				42B4591164989D000836463A /* Foundation.framework */,
			);
			name = iOS;
			sourceTree = "<group>";
		};
		CB6D2C2014223890AE616DDC /* Sources */ = {
			isa = PBXGroup;
			children = (
				A053E7659B3919CEDE56817D /* SampleHandler.swift */,
			);
			name = Sources;
			path = Sources;
			sourceTree = "<group>";
		};
/* End PBXGroup section */

/* Begin PBXNativeTarget section */
		8100E2FE495188104CFCBC12 /* CreatorStudioMac */ = {
			isa = PBXNativeTarget;
			buildConfigurationList = 7DD3696EFDBE6816D1A019F4 /* Build configuration list for PBXNativeTarget "CreatorStudioMac" */;
			buildPhases = (
				9789D70B73CC964CDF90BDAB /* Sources */,
				3590545FEBF3FBBC7864A17B /* Frameworks */,
				AECEE8CB7429DFA5346B9CC1 /* Resources */,
			);
			buildRules = (
			);
			dependencies = (
			);
			name = CreatorStudioMac;
			packageProductDependencies = (
				07A5FC6AD0973665AD732D7E /* StudioDomain */,
				763F1767312437D72F27A878 /* StudioCapture */,
				5D7E5461F07DB6CA5D8D88BA /* StudioProjectStore */,
				1D5902B38B1F73F770E103B5 /* StudioMediaPipeline */,
				B00149E7A68810CE84AB11BF /* StudioAI */,
				677A5470AE0B1C7DE23A73A3 /* StudioExport */,
			);
			productName = CreatorStudioMac;
			productReference = 3035DC4B9BFC34FA368AC3B2 /* CreatorStudioMac.app */;
			productType = "com.apple.product-type.application";
		};
		925F8064721B1A2787718EF4 /* CreatorBroadcast */ = {
			isa = PBXNativeTarget;
			buildConfigurationList = 3DA1327C87C62F1053153D5A /* Build configuration list for PBXNativeTarget "CreatorBroadcast" */;
			buildPhases = (
				1503E19333D6E3BD5E75EF5D /* Sources */,
				67AC6B1F20CC677442264FB0 /* Frameworks */,
				E90CB198CC345D0D0BC8A6C2 /* Resources */,
			);
			buildRules = (
			);
			dependencies = (
			);
			name = CreatorBroadcast;
			packageProductDependencies = (
				D0508E618CFC32022677215F /* StudioDomain */,
				8ED76229D4B6DB5BCDAAFEDE /* StudioCapture */,
			);
			productName = CreatorBroadcast;
			productReference = 7E19E471960FB5DAE9864A23 /* CreatorBroadcast.appex */;
			productType = "com.apple.product-type.app-extension";
		};
		DFAA4D7212611B70D1BB0C3B /* CreatorStudio */ = {
			isa = PBXNativeTarget;
			buildConfigurationList = EC5B894FB826B70DAB76A693 /* Build configuration list for PBXNativeTarget "CreatorStudio" */;
			buildPhases = (
				AA109B309ED81ED51EE76BC8 /* Sources */,
				59F73ECE1C6D8B6340C3F255 /* Frameworks */,
				AEB9869BBE480A7001637B43 /* Resources */,
				3D88165DB64273F243D94546 /* Embed App Extensions */,
			);
			buildRules = (
			);
			dependencies = (
				03159B0C97F09B549EB765C6 /* PBXTargetDependency */,
			);
			name = CreatorStudio;
			packageProductDependencies = (
				F093D118E1B818A2D89CC217 /* StudioDomain */,
				29B0C1E92F8A6555D3CA9847 /* StudioCapture */,
				5BB0411F25D2B2EB23DED2C6 /* StudioProjectStore */,
				A095F9831A2B6FCE34D04E3B /* StudioMediaPipeline */,
				E54E3338DDEFCE0AC971DE41 /* StudioAI */,
				755931007EB6151A440CFE8A /* StudioExport */,
			);
			productName = CreatorStudio;
			productReference = 77EABD12ACC9047E60713340 /* CreatorStudio.app */;
			productType = "com.apple.product-type.application";
		};
/* End PBXNativeTarget section */

/* Begin PBXProject section */
		BD64D30C5F89783A32680A43 /* Project object */ = {
			isa = PBXProject;
			attributes = {
				LastSwiftUpdateCheck = 2630;
				LastUpgradeCheck = 2630;
			};
			buildConfigurationList = 176B34BB876F5BC2536972FF /* Build configuration list for PBXProject "CreatorStudio" */;
			compatibilityVersion = "Xcode 3.2";
			developmentRegion = en;
			hasScannedForEncodings = 0;
			knownRegions = (
				en,
				Base,
			);
			mainGroup = 6BB49160DC875403FBC968D7;
			minimizedProjectReferenceProxies = 0;
			packageReferences = (
				5CC3CFCDEF5B31EFEE9B2CB5 /* XCLocalSwiftPackageReference "." */,
			);
			preferredProjectObjectVersion = 77;
			productRefGroup = 4D2BF80C48C0FB9F4E7ECEDA /* Products */;
			projectDirPath = "";
			projectRoot = "";
			targets = (
				DFAA4D7212611B70D1BB0C3B /* CreatorStudio */,
				925F8064721B1A2787718EF4 /* CreatorBroadcast */,
				8100E2FE495188104CFCBC12 /* CreatorStudioMac */,
			);
		};
/* End PBXProject section */

/* Begin PBXResourcesBuildPhase section */
		AEB9869BBE480A7001637B43 /* Resources */ = {
			isa = PBXResourcesBuildPhase;
			buildActionMask = 2147483647;
			files = (
			);
			runOnlyForDeploymentPostprocessing = 0;
		};
		AECEE8CB7429DFA5346B9CC1 /* Resources */ = {
			isa = PBXResourcesBuildPhase;
			buildActionMask = 2147483647;
			files = (
			);
			runOnlyForDeploymentPostprocessing = 0;
		};
		E90CB198CC345D0D0BC8A6C2 /* Resources */ = {
			isa = PBXResourcesBuildPhase;
			buildActionMask = 2147483647;
			files = (
			);
			runOnlyForDeploymentPostprocessing = 0;
		};
/* End PBXResourcesBuildPhase section */

/* Begin PBXSourcesBuildPhase section */
		1503E19333D6E3BD5E75EF5D /* Sources */ = {
			isa = PBXSourcesBuildPhase;
			buildActionMask = 2147483647;
			files = (
				4BC7D22A46DB8DD6B68FE30D /* SampleHandler.swift in Sources */,
			);
			runOnlyForDeploymentPostprocessing = 0;
		};
		9789D70B73CC964CDF90BDAB /* Sources */ = {
			isa = PBXSourcesBuildPhase;
			buildActionMask = 2147483647;
			files = (
				2B5248114149A9CD61C78778 /* CreatorStudioMacApp.swift in Sources */,
				AF52CB8914B4D2E2F4727231 /* MacAppModel.swift in Sources */,
				0DEFEA9F2C76973F41094D38 /* MacCaptureSegmentWriter.swift in Sources */,
				8B1373E7096558868AC7C2B3 /* MacContentView.swift in Sources */,
				804B76AA21BD2A64DAB13AC2 /* MacScreenCaptureCoordinator.swift in Sources */,
			);
			runOnlyForDeploymentPostprocessing = 0;
		};
		AA109B309ED81ED51EE76BC8 /* Sources */ = {
			isa = PBXSourcesBuildPhase;
			buildActionMask = 2147483647;
			files = (
				A728D788FE05BE297BD1AA01 /* AppModel.swift in Sources */,
				070CC8B65F685CA615A674B5 /* BroadcastPickerView.swift in Sources */,
				C44E5B3D6F5DE60EFF42DB46 /* ContentView.swift in Sources */,
				D2639DF4C52C65FD9BAB31D8 /* CreatorStudioApp.swift in Sources */,
			);
			runOnlyForDeploymentPostprocessing = 0;
		};
/* End PBXSourcesBuildPhase section */

/* Begin PBXTargetDependency section */
		03159B0C97F09B549EB765C6 /* PBXTargetDependency */ = {
			isa = PBXTargetDependency;
			name = CreatorBroadcast;
			target = 925F8064721B1A2787718EF4 /* CreatorBroadcast */;
			targetProxy = 237FD466874692918D1652C7 /* PBXContainerItemProxy */;
		};
/* End PBXTargetDependency section */

/* Begin XCBuildConfiguration section */
		1794423F7B7D344C4FBC02D3 /* Debug */ = {
			isa = XCBuildConfiguration;
			buildSettings = {
				ASSETCATALOG_COMPILER_APPICON_NAME = AppIcon;
				ASSETCATALOG_COMPILER_GENERATE_SWIFT_ASSET_SYMBOL_EXTENSIONS = YES;
				ASSETCATALOG_COMPILER_GLOBAL_ACCENT_COLOR_NAME = AccentColor;
				CLANG_ENABLE_OBJC_WEAK = NO;
				CODE_SIGN_ENTITLEMENTS = Apps/CreatorStudioApp/CreatorStudioApp.entitlements;
				CURRENT_PROJECT_VERSION = 1;
				ENABLE_USER_SCRIPT_SANDBOXING = YES;
				GENERATE_INFOPLIST_FILE = NO;
				INFOPLIST_FILE = Apps/CreatorStudioApp/Info.plist;
				IPHONEOS_DEPLOYMENT_TARGET = 18.0;
				LD_RUNPATH_SEARCH_PATHS = "$(inherited) @executable_path/Frameworks";
				MARKETING_VERSION = 0.1.0;
				PRODUCT_BUNDLE_IDENTIFIER = com.example.CreatorStudio;
				PRODUCT_NAME = "$(TARGET_NAME)";
				SDKROOT = iphoneos;
				SKIP_INSTALL = NO;
				SWIFT_STRICT_CONCURRENCY = complete;
				SWIFT_VERSION = 6.2;
				TARGETED_DEVICE_FAMILY = "1,2";
			};
			name = Debug;
		};
		6D091EC13C96FE2EFF25A85D /* Release */ = {
			isa = XCBuildConfiguration;
			buildSettings = {
				APPLICATION_EXTENSION_API_ONLY = YES;
				CLANG_ENABLE_OBJC_WEAK = NO;
				CODE_SIGN_ENTITLEMENTS = Extensions/CreatorBroadcast/CreatorBroadcast.entitlements;
				CURRENT_PROJECT_VERSION = 1;
				ENABLE_USER_SCRIPT_SANDBOXING = YES;
				GENERATE_INFOPLIST_FILE = NO;
				INFOPLIST_FILE = Extensions/CreatorBroadcast/Info.plist;
				IPHONEOS_DEPLOYMENT_TARGET = 18.0;
				MARKETING_VERSION = 0.1.0;
				PRODUCT_BUNDLE_IDENTIFIER = com.example.CreatorStudio.Broadcast;
				PRODUCT_NAME = "$(TARGET_NAME)";
				SDKROOT = iphoneos;
				SKIP_INSTALL = YES;
				SWIFT_STRICT_CONCURRENCY = complete;
				SWIFT_VERSION = 6.2;
				TARGETED_DEVICE_FAMILY = "1,2";
				VALIDATE_PRODUCT = YES;
			};
			name = Release;
		};
		762B43BCEB2EEC32BDDB425F /* Debug */ = {
			isa = XCBuildConfiguration;
			buildSettings = {
				ALWAYS_SEARCH_USER_PATHS = NO;
				CLANG_ANALYZER_NONNULL = YES;
				CLANG_ANALYZER_NUMBER_OBJECT_CONVERSION = YES_AGGRESSIVE;
				CLANG_CXX_LANGUAGE_STANDARD = "gnu++14";
				CLANG_CXX_LIBRARY = "libc++";
				CLANG_ENABLE_MODULES = YES;
				CLANG_ENABLE_OBJC_ARC = YES;
				CLANG_ENABLE_OBJC_WEAK = YES;
				CLANG_WARN_BLOCK_CAPTURE_AUTORELEASING = YES;
				CLANG_WARN_BOOL_CONVERSION = YES;
				CLANG_WARN_COMMA = YES;
				CLANG_WARN_CONSTANT_CONVERSION = YES;
				CLANG_WARN_DEPRECATED_OBJC_IMPLEMENTATIONS = YES;
				CLANG_WARN_DIRECT_OBJC_ISA_USAGE = YES_ERROR;
				CLANG_WARN_DOCUMENTATION_COMMENTS = YES;
				CLANG_WARN_EMPTY_BODY = YES;
				CLANG_WARN_ENUM_CONVERSION = YES;
				CLANG_WARN_INFINITE_RECURSION = YES;
				CLANG_WARN_INT_CONVERSION = YES;
				CLANG_WARN_NON_LITERAL_NULL_CONVERSION = YES;
				CLANG_WARN_OBJC_IMPLICIT_RETAIN_SELF = YES;
				CLANG_WARN_OBJC_LITERAL_CONVERSION = YES;
				CLANG_WARN_OBJC_ROOT_CLASS = YES_ERROR;
				CLANG_WARN_QUOTED_INCLUDE_IN_FRAMEWORK_HEADER = YES;
				CLANG_WARN_RANGE_LOOP_ANALYSIS = YES;
				CLANG_WARN_STRICT_PROTOTYPES = YES;
				CLANG_WARN_SUSPICIOUS_MOVE = YES;
				CLANG_WARN_UNGUARDED_AVAILABILITY = YES_AGGRESSIVE;
				CLANG_WARN_UNREACHABLE_CODE = YES;
				CLANG_WARN__DUPLICATE_METHOD_MATCH = YES;
				COPY_PHASE_STRIP = NO;
				DEBUG_INFORMATION_FORMAT = dwarf;
				ENABLE_STRICT_OBJC_MSGSEND = YES;
				ENABLE_TESTABILITY = YES;
				GCC_C_LANGUAGE_STANDARD = gnu11;
				GCC_DYNAMIC_NO_PIC = NO;
				GCC_NO_COMMON_BLOCKS = YES;
				GCC_OPTIMIZATION_LEVEL = 0;
				GCC_PREPROCESSOR_DEFINITIONS = (
					"DEBUG=1",
					"$(inherited)",
				);
				GCC_WARN_64_TO_32_BIT_CONVERSION = YES;
				GCC_WARN_ABOUT_RETURN_TYPE = YES_ERROR;
				GCC_WARN_UNDECLARED_SELECTOR = YES;
				GCC_WARN_UNINITIALIZED_AUTOS = YES_AGGRESSIVE;
				GCC_WARN_UNUSED_FUNCTION = YES;
				GCC_WARN_UNUSED_VARIABLE = YES;
				MTL_ENABLE_DEBUG_INFO = INCLUDE_SOURCE;
				MTL_FAST_MATH = YES;
				ONLY_ACTIVE_ARCH = YES;
				PRODUCT_NAME = "$(TARGET_NAME)";
				SWIFT_ACTIVE_COMPILATION_CONDITIONS = DEBUG;
				SWIFT_OPTIMIZATION_LEVEL = "-Onone";
				SWIFT_VERSION = 5.0;
			};
			name = Debug;
		};
		AA91D64167EE5FE56618BD37 /* Debug */ = {
			isa = XCBuildConfiguration;
			buildSettings = {
				APPLICATION_EXTENSION_API_ONLY = YES;
				CLANG_ENABLE_OBJC_WEAK = NO;
				CODE_SIGN_ENTITLEMENTS = Extensions/CreatorBroadcast/CreatorBroadcast.entitlements;
				CURRENT_PROJECT_VERSION = 1;
				ENABLE_USER_SCRIPT_SANDBOXING = YES;
				GENERATE_INFOPLIST_FILE = NO;
				INFOPLIST_FILE = Extensions/CreatorBroadcast/Info.plist;
				IPHONEOS_DEPLOYMENT_TARGET = 18.0;
				MARKETING_VERSION = 0.1.0;
				PRODUCT_BUNDLE_IDENTIFIER = com.example.CreatorStudio.Broadcast;
				PRODUCT_NAME = "$(TARGET_NAME)";
				SDKROOT = iphoneos;
				SKIP_INSTALL = YES;
				SWIFT_STRICT_CONCURRENCY = complete;
				SWIFT_VERSION = 6.2;
				TARGETED_DEVICE_FAMILY = "1,2";
			};
			name = Debug;
		};
		C6CB559D4314603DCC5B1EAA /* Release */ = {
			isa = XCBuildConfiguration;
			buildSettings = {
				ALWAYS_SEARCH_USER_PATHS = NO;
				CLANG_ANALYZER_NONNULL = YES;
				CLANG_ANALYZER_NUMBER_OBJECT_CONVERSION = YES_AGGRESSIVE;
				CLANG_CXX_LANGUAGE_STANDARD = "gnu++14";
				CLANG_CXX_LIBRARY = "libc++";
				CLANG_ENABLE_MODULES = YES;
				CLANG_ENABLE_OBJC_ARC = YES;
				CLANG_ENABLE_OBJC_WEAK = YES;
				CLANG_WARN_BLOCK_CAPTURE_AUTORELEASING = YES;
				CLANG_WARN_BOOL_CONVERSION = YES;
				CLANG_WARN_COMMA = YES;
				CLANG_WARN_CONSTANT_CONVERSION = YES;
				CLANG_WARN_DEPRECATED_OBJC_IMPLEMENTATIONS = YES;
				CLANG_WARN_DIRECT_OBJC_ISA_USAGE = YES_ERROR;
				CLANG_WARN_DOCUMENTATION_COMMENTS = YES;
				CLANG_WARN_EMPTY_BODY = YES;
				CLANG_WARN_ENUM_CONVERSION = YES;
				CLANG_WARN_INFINITE_RECURSION = YES;
				CLANG_WARN_INT_CONVERSION = YES;
				CLANG_WARN_NON_LITERAL_NULL_CONVERSION = YES;
				CLANG_WARN_OBJC_IMPLICIT_RETAIN_SELF = YES;
				CLANG_WARN_OBJC_LITERAL_CONVERSION = YES;
				CLANG_WARN_OBJC_ROOT_CLASS = YES_ERROR;
				CLANG_WARN_QUOTED_INCLUDE_IN_FRAMEWORK_HEADER = YES;
				CLANG_WARN_RANGE_LOOP_ANALYSIS = YES;
				CLANG_WARN_STRICT_PROTOTYPES = YES;
				CLANG_WARN_SUSPICIOUS_MOVE = YES;
				CLANG_WARN_UNGUARDED_AVAILABILITY = YES_AGGRESSIVE;
				CLANG_WARN_UNREACHABLE_CODE = YES;
				CLANG_WARN__DUPLICATE_METHOD_MATCH = YES;
				COPY_PHASE_STRIP = NO;
				DEBUG_INFORMATION_FORMAT = "dwarf-with-dsym";
				ENABLE_NS_ASSERTIONS = NO;
				ENABLE_STRICT_OBJC_MSGSEND = YES;
				GCC_C_LANGUAGE_STANDARD = gnu11;
				GCC_NO_COMMON_BLOCKS = YES;
				GCC_WARN_64_TO_32_BIT_CONVERSION = YES;
				GCC_WARN_ABOUT_RETURN_TYPE = YES_ERROR;
				GCC_WARN_UNDECLARED_SELECTOR = YES;
				GCC_WARN_UNINITIALIZED_AUTOS = YES_AGGRESSIVE;
				GCC_WARN_UNUSED_FUNCTION = YES;
				GCC_WARN_UNUSED_VARIABLE = YES;
				MTL_ENABLE_DEBUG_INFO = NO;
				MTL_FAST_MATH = YES;
				PRODUCT_NAME = "$(TARGET_NAME)";
				SWIFT_COMPILATION_MODE = wholemodule;
				SWIFT_OPTIMIZATION_LEVEL = "-O";
				SWIFT_VERSION = 5.0;
			};
			name = Release;
		};
		E5A683B693919011BBD77D87 /* Release */ = {
			isa = XCBuildConfiguration;
			buildSettings = {
				ASSETCATALOG_COMPILER_APPICON_NAME = AppIcon;
				ASSETCATALOG_COMPILER_GENERATE_SWIFT_ASSET_SYMBOL_EXTENSIONS = YES;
				ASSETCATALOG_COMPILER_GLOBAL_ACCENT_COLOR_NAME = AccentColor;
				CODE_SIGN_ENTITLEMENTS = Apps/CreatorStudioMac/CreatorStudioMac.entitlements;
				COMBINE_HIDPI_IMAGES = YES;
				CURRENT_PROJECT_VERSION = 1;
				ENABLE_USER_SCRIPT_SANDBOXING = YES;
				GENERATE_INFOPLIST_FILE = NO;
				INFOPLIST_FILE = Apps/CreatorStudioMac/Info.plist;
				LD_RUNPATH_SEARCH_PATHS = "$(inherited) @executable_path/../Frameworks";
				MACOSX_DEPLOYMENT_TARGET = 15.0;
				MARKETING_VERSION = 0.1.0;
				PRODUCT_BUNDLE_IDENTIFIER = com.example.CreatorStudio.Mac;
				PRODUCT_NAME = "$(TARGET_NAME)";
				SDKROOT = macosx;
				SKIP_INSTALL = NO;
				SWIFT_STRICT_CONCURRENCY = complete;
				SWIFT_VERSION = 6.2;
			};
			name = Release;
		};
		E9233236EC5A37D928EE3C9E /* Release */ = {
			isa = XCBuildConfiguration;
			buildSettings = {
				ASSETCATALOG_COMPILER_APPICON_NAME = AppIcon;
				ASSETCATALOG_COMPILER_GENERATE_SWIFT_ASSET_SYMBOL_EXTENSIONS = YES;
				ASSETCATALOG_COMPILER_GLOBAL_ACCENT_COLOR_NAME = AccentColor;
				CLANG_ENABLE_OBJC_WEAK = NO;
				CODE_SIGN_ENTITLEMENTS = Apps/CreatorStudioApp/CreatorStudioApp.entitlements;
				CURRENT_PROJECT_VERSION = 1;
				ENABLE_USER_SCRIPT_SANDBOXING = YES;
				GENERATE_INFOPLIST_FILE = NO;
				INFOPLIST_FILE = Apps/CreatorStudioApp/Info.plist;
				IPHONEOS_DEPLOYMENT_TARGET = 18.0;
				LD_RUNPATH_SEARCH_PATHS = "$(inherited) @executable_path/Frameworks";
				MARKETING_VERSION = 0.1.0;
				PRODUCT_BUNDLE_IDENTIFIER = com.example.CreatorStudio;
				PRODUCT_NAME = "$(TARGET_NAME)";
				SDKROOT = iphoneos;
				SKIP_INSTALL = NO;
				SWIFT_STRICT_CONCURRENCY = complete;
				SWIFT_VERSION = 6.2;
				TARGETED_DEVICE_FAMILY = "1,2";
				VALIDATE_PRODUCT = YES;
			};
			name = Release;
		};
		F299676A62EE639205CAB02E /* Debug */ = {
			isa = XCBuildConfiguration;
			buildSettings = {
				ASSETCATALOG_COMPILER_APPICON_NAME = AppIcon;
				ASSETCATALOG_COMPILER_GENERATE_SWIFT_ASSET_SYMBOL_EXTENSIONS = YES;
				ASSETCATALOG_COMPILER_GLOBAL_ACCENT_COLOR_NAME = AccentColor;
				CODE_SIGN_ENTITLEMENTS = Apps/CreatorStudioMac/CreatorStudioMac.entitlements;
				COMBINE_HIDPI_IMAGES = YES;
				CURRENT_PROJECT_VERSION = 1;
				ENABLE_USER_SCRIPT_SANDBOXING = YES;
				GENERATE_INFOPLIST_FILE = NO;
				INFOPLIST_FILE = Apps/CreatorStudioMac/Info.plist;
				LD_RUNPATH_SEARCH_PATHS = "$(inherited) @executable_path/../Frameworks";
				MACOSX_DEPLOYMENT_TARGET = 15.0;
				MARKETING_VERSION = 0.1.0;
				PRODUCT_BUNDLE_IDENTIFIER = com.example.CreatorStudio.Mac;
				PRODUCT_NAME = "$(TARGET_NAME)";
				SDKROOT = macosx;
				SKIP_INSTALL = NO;
				SWIFT_STRICT_CONCURRENCY = complete;
				SWIFT_VERSION = 6.2;
			};
			name = Debug;
		};
/* End XCBuildConfiguration section */

/* Begin XCConfigurationList section */
		176B34BB876F5BC2536972FF /* Build configuration list for PBXProject "CreatorStudio" */ = {
			isa = XCConfigurationList;
			buildConfigurations = (
				762B43BCEB2EEC32BDDB425F /* Debug */,
				C6CB559D4314603DCC5B1EAA /* Release */,
			);
			defaultConfigurationIsVisible = 0;
			defaultConfigurationName = Release;
		};
		3DA1327C87C62F1053153D5A /* Build configuration list for PBXNativeTarget "CreatorBroadcast" */ = {
			isa = XCConfigurationList;
			buildConfigurations = (
				6D091EC13C96FE2EFF25A85D /* Release */,
				AA91D64167EE5FE56618BD37 /* Debug */,
			);
			defaultConfigurationIsVisible = 0;
			defaultConfigurationName = Release;
		};
		7DD3696EFDBE6816D1A019F4 /* Build configuration list for PBXNativeTarget "CreatorStudioMac" */ = {
			isa = XCConfigurationList;
			buildConfigurations = (
				E5A683B693919011BBD77D87 /* Release */,
				F299676A62EE639205CAB02E /* Debug */,
			);
			defaultConfigurationIsVisible = 0;
			defaultConfigurationName = Release;
		};
		EC5B894FB826B70DAB76A693 /* Build configuration list for PBXNativeTarget "CreatorStudio" */ = {
			isa = XCConfigurationList;
			buildConfigurations = (
				E9233236EC5A37D928EE3C9E /* Release */,
				1794423F7B7D344C4FBC02D3 /* Debug */,
			);
			defaultConfigurationIsVisible = 0;
			defaultConfigurationName = Release;
		};
/* End XCConfigurationList section */

/* Begin XCLocalSwiftPackageReference section */
		5CC3CFCDEF5B31EFEE9B2CB5 /* XCLocalSwiftPackageReference "." */ = {
			isa = XCLocalSwiftPackageReference;
			relativePath = .;
		};
/* End XCLocalSwiftPackageReference section */

/* Begin XCSwiftPackageProductDependency section */
		07A5FC6AD0973665AD732D7E /* StudioDomain */ = {
			isa = XCSwiftPackageProductDependency;
			package = 5CC3CFCDEF5B31EFEE9B2CB5 /* XCLocalSwiftPackageReference "." */;
			productName = StudioDomain;
		};
		1D5902B38B1F73F770E103B5 /* StudioMediaPipeline */ = {
			isa = XCSwiftPackageProductDependency;
			package = 5CC3CFCDEF5B31EFEE9B2CB5 /* XCLocalSwiftPackageReference "." */;
			productName = StudioMediaPipeline;
		};
		29B0C1E92F8A6555D3CA9847 /* StudioCapture */ = {
			isa = XCSwiftPackageProductDependency;
			package = 5CC3CFCDEF5B31EFEE9B2CB5 /* XCLocalSwiftPackageReference "." */;
			productName = StudioCapture;
		};
		5BB0411F25D2B2EB23DED2C6 /* StudioProjectStore */ = {
			isa = XCSwiftPackageProductDependency;
			package = 5CC3CFCDEF5B31EFEE9B2CB5 /* XCLocalSwiftPackageReference "." */;
			productName = StudioProjectStore;
		};
		5D7E5461F07DB6CA5D8D88BA /* StudioProjectStore */ = {
			isa = XCSwiftPackageProductDependency;
			package = 5CC3CFCDEF5B31EFEE9B2CB5 /* XCLocalSwiftPackageReference "." */;
			productName = StudioProjectStore;
		};
		677A5470AE0B1C7DE23A73A3 /* StudioExport */ = {
			isa = XCSwiftPackageProductDependency;
			package = 5CC3CFCDEF5B31EFEE9B2CB5 /* XCLocalSwiftPackageReference "." */;
			productName = StudioExport;
		};
		755931007EB6151A440CFE8A /* StudioExport */ = {
			isa = XCSwiftPackageProductDependency;
			package = 5CC3CFCDEF5B31EFEE9B2CB5 /* XCLocalSwiftPackageReference "." */;
			productName = StudioExport;
		};
		763F1767312437D72F27A878 /* StudioCapture */ = {
			isa = XCSwiftPackageProductDependency;
			package = 5CC3CFCDEF5B31EFEE9B2CB5 /* XCLocalSwiftPackageReference "." */;
			productName = StudioCapture;
		};
		8ED76229D4B6DB5BCDAAFEDE /* StudioCapture */ = {
			isa = XCSwiftPackageProductDependency;
			package = 5CC3CFCDEF5B31EFEE9B2CB5 /* XCLocalSwiftPackageReference "." */;
			productName = StudioCapture;
		};
		A095F9831A2B6FCE34D04E3B /* StudioMediaPipeline */ = {
			isa = XCSwiftPackageProductDependency;
			package = 5CC3CFCDEF5B31EFEE9B2CB5 /* XCLocalSwiftPackageReference "." */;
			productName = StudioMediaPipeline;
		};
		B00149E7A68810CE84AB11BF /* StudioAI */ = {
			isa = XCSwiftPackageProductDependency;
			package = 5CC3CFCDEF5B31EFEE9B2CB5 /* XCLocalSwiftPackageReference "." */;
			productName = StudioAI;
		};
		D0508E618CFC32022677215F /* StudioDomain */ = {
			isa = XCSwiftPackageProductDependency;
			package = 5CC3CFCDEF5B31EFEE9B2CB5 /* XCLocalSwiftPackageReference "." */;
			productName = StudioDomain;
		};
		E54E3338DDEFCE0AC971DE41 /* StudioAI */ = {
			isa = XCSwiftPackageProductDependency;
			package = 5CC3CFCDEF5B31EFEE9B2CB5 /* XCLocalSwiftPackageReference "." */;
			productName = StudioAI;
		};
		F093D118E1B818A2D89CC217 /* StudioDomain */ = {
			isa = XCSwiftPackageProductDependency;
			package = 5CC3CFCDEF5B31EFEE9B2CB5 /* XCLocalSwiftPackageReference "." */;
			productName = StudioDomain;
		};
/* End XCSwiftPackageProductDependency section */
	};
	rootObject = BD64D30C5F89783A32680A43 /* Project object */;
}
